
Microsoft Visual Studio Solution File, Format Version 11.00
# Visual Studio 2010
Project("{FAE04EC0-301F-11D3-BF4B-00C04F79EFBC}") = "m2net", "m2net\m2net.csproj", "{DD826938-5CE1-45B0-B7C0-8823FECF533C}"
EndProject
Project("{FAE04EC0-301F-11D3-BF4B-00C04F79EFBC}") = "m2net HandlerTest", "m2net HandlerTest\m2net HandlerTest.csproj", "{F2669C5B-1FA8-43B5-A205-CAC31F454F13}"
EndProject
Project("{FAE04EC0-301F-11D3-BF4B-00C04F79EFBC}") = "m2net.Asp", "m2net.Asp\m2net.Asp.csproj", "{2ACAB869-28B0-4BA9-B2CE-D484F6AA0BD0}"
EndProject
Global
	GlobalSection(SolutionConfigurationPlatforms) = preSolution
		Debug|x86 = Debug|x86
		Release|x86 = Release|x86
	EndGlobalSection
	GlobalSection(ProjectConfigurationPlatforms) = postSolution
		{DD826938-5CE1-45B0-B7C0-8823FECF533C}.Debug|x86.ActiveCfg = Release|x86
		{DD826938-5CE1-45B0-B7C0-8823FECF533C}.Debug|x86.Build.0 = Release|x86
		{DD826938-5CE1-45B0-B7C0-8823FECF533C}.Release|x86.ActiveCfg = Release|x86
		{DD826938-5CE1-45B0-B7C0-8823FECF533C}.Release|x86.Build.0 = Release|x86
		{F2669C5B-1FA8-43B5-A205-CAC31F454F13}.Debug|x86.ActiveCfg = Release|x86
		{F2669C5B-1FA8-43B5-A205-CAC31F454F13}.Debug|x86.Build.0 = Release|x86
		{F2669C5B-1FA8-43B5-A205-CAC31F454F13}.Release|x86.ActiveCfg = Release|x86
		{F2669C5B-1FA8-43B5-A205-CAC31F454F13}.Release|x86.Build.0 = Release|x86
		{2ACAB869-28B0-4BA9-B2CE-D484F6AA0BD0}.Debug|x86.ActiveCfg = Release|x86
		{2ACAB869-28B0-4BA9-B2CE-D484F6AA0BD0}.Debug|x86.Build.0 = Release|x86
		{2ACAB869-28B0-4BA9-B2CE-D484F6AA0BD0}.Release|x86.ActiveCfg = Release|x86
		{2ACAB869-28B0-4BA9-B2CE-D484F6AA0BD0}.Release|x86.Build.0 = Release|x86
	EndGlobalSection
	GlobalSection(SolutionProperties) = preSolution
		HideSolutionNode = FALSE
	EndGlobalSection
EndGlobal
